github.com/01-edu/z01 v0.1.0 h1:Rr1p92CKYXUgVFw872iGDABXpdkuKf2jmS+KV6r1034=
github.com/01-edu/z01 v0.1.0/go.mod h1:BH7t35JaNFuP83rTJDc5nkSfgmC/HYVcJsUcdFqYZNo=
github.com/Talienhyung/hangman v0.0.0-20231212082750-4a5ca2f713fc h1:RtQI2oaWC+qo5Z48BWFZgJ1qF/hq5IxtIUl6e6L53v8=
github.com/Talienhyung/hangman v0.0.0-20231212082750-4a5ca2f713fc/go.mod h1:/OZdPD57Rs8hRoimggx2+9fgc0VoNre3FsjNfvet090=
github.com/Talienhyung/hangman v0.0.0-20231212103741-6a791e12bd45 h1:uVqiDIySsPsitD3BsdCunTM9T8rFR7TziDShUDV1SLc=
github.com/Talienhyung/hangman v0.0.0-20231212103741-6a791e12bd45/go.mod h1:p+fpbHy1NTxkpICbKXPH4FnLyP01ooeliaddzxiLlQQ=
github.com/mattn/go-runewidth v0.0.9 h1:Lm995f3rfxdpd6TSmuVCHVb/QhupuXlYr8sCI/QdE+0=
github.com/mattn/go-runewidth v0.0.9/go.mod h1:H031xJmbD/WCDINGzjvQ9THkh0rPKHF+m2gUSrubnMI=
github.com/nsf/termbox-go v1.1.1 h1:nksUPLCb73Q++DwbYUBEglYBRPZyoXJdrj5L+TkjyZY=
github.com/nsf/termbox-go v1.1.1/go.mod h1:T0cTdVuOwf7pHQNtfhnEbzHbcNyCEcVU4YPpouCbVxo=
golang.org/x/crypto v0.17.0 h1:r8bRNjWL3GshPW3gkd+RpvzWrZAwPS49OmTGZ/uhM4k=
golang.org/x/crypto v0.17.0/go.mod h1:gCAAfMLgwOJRpTjQ2zCCt2OcSfYMTeZVSRtQlPC7Nq4=
